
Microsoft Visual Studio Solution File, Format Version 12.00
Project("{FAE04EC0-301F-11D3-BF4B-00C04F79EFBC}") = "EmployeeService", "EmployeeService.csproj", "{DBF856F9-87D7-4BB6-8EBF-C5914AEC8BAE}"
EndProject
Global
	GlobalSection(SolutionConfigurationPlatforms) = preSolution
		Debug|Any CPU = Debug|Any CPU
		Release|Any CPU = Release|Any CPU
	EndGlobalSection
	GlobalSection(ProjectConfigurationPlatforms) = postSolution
		{DBF856F9-87D7-4BB6-8EBF-C5914AEC8BAE}.Debug|Any CPU.ActiveCfg = Debug|Any CPU
		{DBF856F9-87D7-4BB6-8EBF-C5914AEC8BAE}.Debug|Any CPU.Build.0 = Debug|Any CPU
		{DBF856F9-87D7-4BB6-8EBF-C5914AEC8BAE}.Release|Any CPU.ActiveCfg = Release|Any CPU
		{DBF856F9-87D7-4BB6-8EBF-C5914AEC8BAE}.Release|Any CPU.Build.0 = Release|Any CPU
	EndGlobalSection
EndGlobal
